{
  "name": "easy-swu-miniprogram",
  "version": "0.1.0",
  "lockfileVersion": 3,
  "requires": true,
  "packages": {
    "": {
      "name": "easy-swu-miniprogram",
      "version": "0.1.0",
      "license": "UNLICENSED",
      "devDependencies": {
        "miniprogram-api-typings": "^5.2.3",
        "prettier": "^3.6.2",
        "skyline-cli": "^0.0.2",
        "typescript": "^5.9.2"
      }
    },
    "node_modules/@skyline-cli/darwin-arm64": {
      "version": "0.0.2",
      "resolved": "https://registry.npmmirror.com/@skyline-cli/darwin-arm64/-/darwin-arm64-0.0.2.tgz",
      "integrity": "sha512-/2kodNyHeBhKMt1RTvRegmG1AI6w/fV4fVrvESx99cTP2xiFKokcLgQeollPnIczLM2ctEwF/4vMTnvOC+9Jaw==",
      "cpu": [
        "arm64"
      ],
      "dev": true,
      "license": "MIT",
      "optional": true,
      "os": [
        "darwin"
      ]
    },
    "node_modules/@skyline-cli/darwin-x64": {
      "version": "0.0.2",
      "resolved": "https://registry.npmmirror.com/@skyline-cli/darwin-x64/-/darwin-x64-0.0.2.tgz",
      "integrity": "sha512-PtL4L1rxScMSlPwugXvOniCW3wDmmiIQV6gxUCLktsSnRYs8kJ1bBJaCsP2OT9DHwLB3zD1ZZ7SXwl0oZSVHXw==",
      "cpu": [
        "x64"
      ],
      "dev": true,
      "license": "MIT",
      "optional": true,
      "os": [
        "darwin"
      ]
    },
    "node_modules/@skyline-cli/win32-x64": {
      "version": "0.0.2",
      "resolved": "https://registry.npmmirror.com/@skyline-cli/win32-x64/-/win32-x64-0.0.2.tgz",
      "integrity": "sha512-8jm5UQjJiUKu6HaXx9JON/atb6GARyZtZT8USudeV8KuokSVetaKSGIsgify49NaCEr2AQG8BRr46+cLC0/31w==",
      "cpu": [
        "x64"
      ],
      "dev": true,
      "license": "MIT",
      "optional": true,
      "os": [
        "win32"
      ]
    },
    "node_modules/miniprogram-api-typings": {
      "version": "5.2.3",
      "resolved": "https://registry.npmmirror.com/miniprogram-api-typings/-/miniprogram-api-typings-5.2.3.tgz",
      "integrity": "sha512-KVcNSfR2VmRtz35rxkjLxE92HlsBnbT6NsKyTcDX3ebbTKAsAiTOFO1mRM82Xbe848dnEYqNGzaD48LMEvGytw==",
      "dev": true,
      "license": "MIT"
    },
    "node_modules/prettier": {
      "version": "3.9.6",
      "resolved": "https://registry.npmmirror.com/prettier/-/prettier-3.9.6.tgz",
      "integrity": "sha512-OpN0zzVdiaiAhxpuuj5efpIS4sY9j7bY6uR5mnj5yPzGkdkjNKSJeUThPb60Jw29QuAZgA4o+/iB49kFiaBX6g==",
      "dev": true,
      "license": "MIT",
      "bin": {
        "prettier": "bin/prettier.cjs"
      },
      "engines": {
        "node": ">=14"
      },
      "funding": {
        "url": "https://github.com/prettier/prettier?sponsor=1"
      }
    },
    "node_modules/skyline-cli": {
      "version": "0.0.2",
      "resolved": "https://registry.npmmirror.com/skyline-cli/-/skyline-cli-0.0.2.tgz",
      "integrity": "sha512-+skaudvNwcq4U08VRHzkeD+agt6mBRqZ92sjDpaUY+Eqk5KYWFotS8gsetgLxudV7u0UZQUjVoj+5zb5FMGNAA==",
      "dev": true,
      "license": "MIT",
      "bin": {
        "skyline": "bin/skyline"
      },
      "optionalDependencies": {
        "@skyline-cli/darwin-arm64": "0.0.2",
        "@skyline-cli/darwin-x64": "0.0.2",
        "@skyline-cli/win32-x64": "0.0.2"
      }
    },
    "node_modules/typescript": {
      "version": "5.9.3",
      "resolved": "https://registry.npmmirror.com/typescript/-/typescript-5.9.3.tgz",
      "integrity": "sha512-jl1vZzPDinLr9eUt3J/t7V6FgNEw9QjvBPdysz9KfQDD41fQrC2Y4vKQdiaUpFT4bXlb1RHhLpp8wtm6M5TgSw==",
      "dev": true,
      "license": "Apache-2.0",
      "bin": {
        "tsc": "bin/tsc",
        "tsserver": "bin/tsserver"
      },
      "engines": {
        "node": ">=14.17"
      }
    }
  }
}
